
Microsoft Visual Studio Solution File, Format Version 12.00
# Visual Studio Version 16
VisualStudioVersion = 16.0.30907.101
MinimumVisualStudioVersion = 10.0.40219.1
Project("{FAE04EC0-301F-11D3-BF4B-00C04F79EFBC}") = "OrderDate", "OrderDate.csproj", "{5D41BE41-9166-420B-8EAC-E17D19D9E2F1}"
EndProject
Global
	GlobalSection(SolutionConfigurationPlatforms) = preSolution
		Debug|Any CPU = Debug|Any CPU
		Release|Any CPU = Release|Any CPU
	EndGlobalSection
	GlobalSection(ProjectConfigurationPlatforms) = postSolution
		{5D41BE41-9166-420B-8EAC-E17D19D9E2F1}.Debug|Any CPU.ActiveCfg = Debug|Any CPU
		{5D41BE41-9166-420B-8EAC-E17D19D9E2F1}.Debug|Any CPU.Build.0 = Debug|Any CPU
		{5D41BE41-9166-420B-8EAC-E17D19D9E2F1}.Release|Any CPU.ActiveCfg = Release|Any CPU
		{5D41BE41-9166-420B-8EAC-E17D19D9E2F1}.Release|Any CPU.Build.0 = Release|Any CPU
	EndGlobalSection
	GlobalSection(SolutionProperties) = preSolution
		HideSolutionNode = FALSE
	EndGlobalSection
	GlobalSection(ExtensibilityGlobals) = postSolution
		SolutionGuid = {BC6B46A2-A041-470E-BCA6-945A9AEB482F}
	EndGlobalSection
EndGlobal
